
Microsoft Visual Studio Solution File, Format Version 12.00
# Visual Studio 14
VisualStudioVersion = 14.0.25123.0
MinimumVisualStudioVersion = 10.0.40219.1
Project("{FAE04EC0-301F-11D3-BF4B-00C04F79EFBC}") = "SendMail", "SendMail\SendMail.csproj", "{A828C7DE-5D2C-4E56-A19B-A8325D8955A7}"
EndProject
Project("{FAE04EC0-301F-11D3-BF4B-00C04F79EFBC}") = "Test", "C:\Users\Sanjeev\Desktop\Test\Test.csproj", "{64858F81-B3C3-4E07-BEFA-999EF963886A}"
EndProject
Global
	GlobalSection(SolutionConfigurationPlatforms) = preSolution
		Debug|Any CPU = Debug|Any CPU
		Release|Any CPU = Release|Any CPU
	EndGlobalSection
	GlobalSection(ProjectConfigurationPlatforms) = postSolution
		{A828C7DE-5D2C-4E56-A19B-A8325D8955A7}.Debug|Any CPU.ActiveCfg = Debug|Any CPU
		{A828C7DE-5D2C-4E56-A19B-A8325D8955A7}.Debug|Any CPU.Build.0 = Debug|Any CPU
		{A828C7DE-5D2C-4E56-A19B-A8325D8955A7}.Release|Any CPU.ActiveCfg = Release|Any CPU
		{A828C7DE-5D2C-4E56-A19B-A8325D8955A7}.Release|Any CPU.Build.0 = Release|Any CPU
		{64858F81-B3C3-4E07-BEFA-999EF963886A}.Debug|Any CPU.ActiveCfg = Debug|Any CPU
		{64858F81-B3C3-4E07-BEFA-999EF963886A}.Debug|Any CPU.Build.0 = Debug|Any CPU
		{64858F81-B3C3-4E07-BEFA-999EF963886A}.Release|Any CPU.ActiveCfg = Release|Any CPU
		{64858F81-B3C3-4E07-BEFA-999EF963886A}.Release|Any CPU.Build.0 = Release|Any CPU
	EndGlobalSection
	GlobalSection(SolutionProperties) = preSolution
		HideSolutionNode = FALSE
	EndGlobalSection
EndGlobal
